// !$*UTF8*$!
{
	archiveVersion = 1;
	classes = {
	};
	objectVersion = 55;
	objects = {

/* Begin PBXBuildFile section */
		4D27B9D029C0EE4F00A805C8 /* MainListView.swift in Sources */ = {isa = PBXBuildFile; fileRef = 4D27B9CF29C0EE4F00A805C8 /* MainListView.swift */; };
		4D27B9D629C12DF300A805C8 /* ItemViewModel.swift in Sources */ = {isa = PBXBuildFile; fileRef = 4D27B9D529C12DF300A805C8 /* ItemViewModel.swift */; };
		4D27B9DA29C5518700A805C8 /* CustomTextEditorView.swift in Sources */ = {isa = PBXBuildFile; fileRef = 4D27B9D929C5518700A805C8 /* CustomTextEditorView.swift */; };
		4D27B9DD29C7FB7900A805C8 /* Localizable.strings in Resources */ = {isa = PBXBuildFile; fileRef = 4D27B9DF29C7FB7900A805C8 /* Localizable.strings */; };
		4D27B9E229C9FCE500A805C8 /* Constants.swift in Sources */ = {isa = PBXBuildFile; fileRef = 4D27B9E129C9FCE500A805C8 /* Constants.swift */; };
		8D6DF0B727F92FA4007AC409 /* ChalkboardApp.swift in Sources */ = {isa = PBXBuildFile; fileRef = 8D6DF0B627F92FA4007AC409 /* ChalkboardApp.swift */; };
		8D6DF0B927F92FA4007AC409 /* ContentView.swift in Sources */ = {isa = PBXBuildFile; fileRef = 8D6DF0B827F92FA4007AC409 /* ContentView.swift */; };
		8D6DF0BB27F92FAD007AC409 /* Assets.xcassets in Resources */ = {isa = PBXBuildFile; fileRef = 8D6DF0BA27F92FAD007AC409 /* Assets.xcassets */; };
		8D6DF0BE27F92FAD007AC409 /* Preview Assets.xcassets in Resources */ = {isa = PBXBuildFile; fileRef = 8D6DF0BD27F92FAD007AC409 /* Preview Assets.xcassets */; };
		8D6DF0C827F92FAE007AC409 /* ChalkboardTests.swift in Sources */ = {isa = PBXBuildFile; fileRef = 8D6DF0C727F92FAE007AC409 /* ChalkboardTests.swift */; };
		8D6DF0D227F92FAE007AC409 /* ChalkboardUITests.swift in Sources */ = {isa = PBXBuildFile; fileRef = 8D6DF0D127F92FAE007AC409 /* ChalkboardUITests.swift */; };
		8D6DF0D427F92FAE007AC409 /* ChalkboardUITestsLaunchTests.swift in Sources */ = {isa = PBXBuildFile; fileRef = 8D6DF0D327F92FAE007AC409 /* ChalkboardUITestsLaunchTests.swift */; };
		8D886E29280903BB00F74167 /* Chalkboard.xcdatamodeld in Sources */ = {isa = PBXBuildFile; fileRef = 8D886E27280903BB00F74167 /* Chalkboard.xcdatamodeld */; };
		8D886E2B2809043A00F74167 /* DataController.swift in Sources */ = {isa = PBXBuildFile; fileRef = 8D886E2A2809043A00F74167 /* DataController.swift */; };
		8DE23CB627FE89B000E0C69B /* AddingView.swift in Sources */ = {isa = PBXBuildFile; fileRef = 8DE23CB527FE89B000E0C69B /* AddingView.swift */; };
		8DE23CB82805123A00E0C69B /* KeyboardHandler.swift in Sources */ = {isa = PBXBuildFile; fileRef = 8DE23CB72805123A00E0C69B /* KeyboardHandler.swift */; };
/* End PBXBuildFile section */

/* Begin PBXContainerItemProxy section */
		8D6DF0C427F92FAE007AC409 /* PBXContainerItemProxy */ = {
			isa = PBXContainerItemProxy;
			containerPortal = 8D6DF0AB27F92FA4007AC409 /* Project object */;
			proxyType = 1;
			remoteGlobalIDString = 8D6DF0B227F92FA4007AC409;
			remoteInfo = Chalkboard;
		};
		8D6DF0CE27F92FAE007AC409 /* PBXContainerItemProxy */ = {
			isa = PBXContainerItemProxy;
			containerPortal = 8D6DF0AB27F92FA4007AC409 /* Project object */;
			proxyType = 1;
			remoteGlobalIDString = 8D6DF0B227F92FA4007AC409;
			remoteInfo = Chalkboard;
		};
/* End PBXContainerItemProxy section */

/* Begin PBXFileReference section */
		4D27B9CF29C0EE4F00A805C8 /* MainListView.swift */ = {isa = PBXFileReference; lastKnownFileType = sourcecode.swift; path = MainListView.swift; sourceTree = "<group>"; };
		4D27B9D529C12DF300A805C8 /* ItemViewModel.swift */ = {isa = PBXFileReference; lastKnownFileType = sourcecode.swift; path = ItemViewModel.swift; sourceTree = "<group>"; };
		4D27B9D929C5518700A805C8 /* CustomTextEditorView.swift */ = {isa = PBXFileReference; lastKnownFileType = sourcecode.swift; path = CustomTextEditorView.swift; sourceTree = "<group>"; };
		4D27B9DE29C7FB7900A805C8 /* en */ = {isa = PBXFileReference; lastKnownFileType = text.plist.strings; name = en; path = en.lproj/Localizable.strings; sourceTree = "<group>"; };
		4D27B9E029C7FB9B00A805C8 /* es */ = {isa = PBXFileReference; lastKnownFileType = text.plist.strings; name = es; path = es.lproj/Localizable.strings; sourceTree = "<group>"; };
		4D27B9E129C9FCE500A805C8 /* Constants.swift */ = {isa = PBXFileReference; lastKnownFileType = sourcecode.swift; path = Constants.swift; sourceTree = "<group>"; };
		4D27B9E329CA0A4300A805C8 /* fr */ = {isa = PBXFileReference; lastKnownFileType = text.plist.strings; name = fr; path = fr.lproj/Localizable.strings; sourceTree = "<group>"; };
		4D27B9E429CA0CD000A805C8 /* he */ = {isa = PBXFileReference; lastKnownFileType = text.plist.strings; name = he; path = he.lproj/Localizable.strings; sourceTree = "<group>"; };
		4D27B9E529CA0DF000A805C8 /* zh-Hans */ = {isa = PBXFileReference; lastKnownFileType = text.plist.strings; name = "zh-Hans"; path = "zh-Hans.lproj/Localizable.strings"; sourceTree = "<group>"; };
		4D27B9E629CA106300A805C8 /* ru */ = {isa = PBXFileReference; lastKnownFileType = text.plist.strings; name = ru; path = ru.lproj/Localizable.strings; sourceTree = "<group>"; };
		8D6DF0B327F92FA4007AC409 /* Chalkboard.app */ = {isa = PBXFileReference; explicitFileType = wrapper.application; includeInIndex = 0; path = Chalkboard.app; sourceTree = BUILT_PRODUCTS_DIR; };
		8D6DF0B627F92FA4007AC409 /* ChalkboardApp.swift */ = {isa = PBXFileReference; lastKnownFileType = sourcecode.swift; path = ChalkboardApp.swift; sourceTree = "<group>"; };
		8D6DF0B827F92FA4007AC409 /* ContentView.swift */ = {isa = PBXFileReference; lastKnownFileType = sourcecode.swift; path = ContentView.swift; sourceTree = "<group>"; };
		8D6DF0BA27F92FAD007AC409 /* Assets.xcassets */ = {isa = PBXFileReference; lastKnownFileType = folder.assetcatalog; path = Assets.xcassets; sourceTree = "<group>"; };
		8D6DF0BD27F92FAD007AC409 /* Preview Assets.xcassets */ = {isa = PBXFileReference; lastKnownFileType = folder.assetcatalog; path = "Preview Assets.xcassets"; sourceTree = "<group>"; };
		8D6DF0C327F92FAE007AC409 /* ChalkboardTests.xctest */ = {isa = PBXFileReference; explicitFileType = wrapper.cfbundle; includeInIndex = 0; path = ChalkboardTests.xctest; sourceTree = BUILT_PRODUCTS_DIR; };
		8D6DF0C727F92FAE007AC409 /* ChalkboardTests.swift */ = {isa = PBXFileReference; lastKnownFileType = sourcecode.swift; path = ChalkboardTests.swift; sourceTree = "<group>"; };
		8D6DF0CD27F92FAE007AC409 /* ChalkboardUITests.xctest */ = {isa = PBXFileReference; explicitFileType = wrapper.cfbundle; includeInIndex = 0; path = ChalkboardUITests.xctest; sourceTree = BUILT_PRODUCTS_DIR; };
		8D6DF0D127F92FAE007AC409 /* ChalkboardUITests.swift */ = {isa = PBXFileReference; lastKnownFileType = sourcecode.swift; path = ChalkboardUITests.swift; sourceTree = "<group>"; };
		8D6DF0D327F92FAE007AC409 /* ChalkboardUITestsLaunchTests.swift */ = {isa = PBXFileReference; lastKnownFileType = sourcecode.swift; path = ChalkboardUITestsLaunchTests.swift; sourceTree = "<group>"; };
		8D886E28280903BB00F74167 /* Chalkboard.xcdatamodel */ = {isa = PBXFileReference; lastKnownFileType = wrapper.xcdatamodel; path = Chalkboard.xcdatamodel; sourceTree = "<group>"; };
		8D886E2A2809043A00F74167 /* DataController.swift */ = {isa = PBXFileReference; lastKnownFileType = sourcecode.swift; path = DataController.swift; sourceTree = "<group>"; };
		8DE23CB527FE89B000E0C69B /* AddingView.swift */ = {isa = PBXFileReference; lastKnownFileType = sourcecode.swift; path = AddingView.swift; sourceTree = "<group>"; };
		8DE23CB72805123A00E0C69B /* KeyboardHandler.swift */ = {isa = PBXFileReference; lastKnownFileType = sourcecode.swift; path = KeyboardHandler.swift; sourceTree = "<group>"; };
/* End PBXFileReference section */

/* Begin PBXFrameworksBuildPhase section */
		8D6DF0B027F92FA4007AC409 /* Frameworks */ = {
			isa = PBXFrameworksBuildPhase;
			buildActionMask = 2147483647;
			files = (
			);
			runOnlyForDeploymentPostprocessing = 0;
		};
		8D6DF0C027F92FAE007AC409 /* Frameworks */ = {
			isa = PBXFrameworksBuildPhase;
			buildActionMask = 2147483647;
			files = (
			);
			runOnlyForDeploymentPostprocessing = 0;
		};
		8D6DF0CA27F92FAE007AC409 /* Frameworks */ = {
			isa = PBXFrameworksBuildPhase;
			buildActionMask = 2147483647;
			files = (
			);
			runOnlyForDeploymentPostprocessing = 0;
		};
/* End PBXFrameworksBuildPhase section */

/* Begin PBXGroup section */
		4D27B9D129C12D5E00A805C8 /* View */ = {
			isa = PBXGroup;
			children = (
				8D6DF0B827F92FA4007AC409 /* ContentView.swift */,
				4D27B9CF29C0EE4F00A805C8 /* MainListView.swift */,
				8DE23CB527FE89B000E0C69B /* AddingView.swift */,
				4D27B9D929C5518700A805C8 /* CustomTextEditorView.swift */,
			);
			path = View;
			sourceTree = "<group>";
		};
		4D27B9D229C12D8100A805C8 /* Model */ = {
			isa = PBXGroup;
			children = (
				8D886E2A2809043A00F74167 /* DataController.swift */,
			);
			path = Model;
			sourceTree = "<group>";
		};
		4D27B9D329C12D9200A805C8 /* Utils */ = {
			isa = PBXGroup;
			children = (
				8DE23CB72805123A00E0C69B /* KeyboardHandler.swift */,
				4D27B9E129C9FCE500A805C8 /* Constants.swift */,
			);
			path = Utils;
			sourceTree = "<group>";
		};
		4D27B9D429C12DE000A805C8 /* ViewModel */ = {
			isa = PBXGroup;
			children = (
				4D27B9D529C12DF300A805C8 /* ItemViewModel.swift */,
			);
			path = ViewModel;
			sourceTree = "<group>";
		};
		8D6DF0AA27F92FA4007AC409 = {
			isa = PBXGroup;
			children = (
				8D6DF0B527F92FA4007AC409 /* Chalkboard */,
				8D6DF0C627F92FAE007AC409 /* ChalkboardTests */,
				8D6DF0D027F92FAE007AC409 /* ChalkboardUITests */,
				8D6DF0B427F92FA4007AC409 /* Products */,
			);
			sourceTree = "<group>";
		};
		8D6DF0B427F92FA4007AC409 /* Products */ = {
			isa = PBXGroup;
			children = (
				8D6DF0B327F92FA4007AC409 /* Chalkboard.app */,
				8D6DF0C327F92FAE007AC409 /* ChalkboardTests.xctest */,
				8D6DF0CD27F92FAE007AC409 /* ChalkboardUITests.xctest */,
			);
			name = Products;
			sourceTree = "<group>";
		};
		8D6DF0B527F92FA4007AC409 /* Chalkboard */ = {
			isa = PBXGroup;
			children = (
				8D6DF0B627F92FA4007AC409 /* ChalkboardApp.swift */,
				4D27B9D429C12DE000A805C8 /* ViewModel */,
				4D27B9D329C12D9200A805C8 /* Utils */,
				4D27B9D229C12D8100A805C8 /* Model */,
				4D27B9D129C12D5E00A805C8 /* View */,
				8D6DF0BA27F92FAD007AC409 /* Assets.xcassets */,
				8D6DF0BC27F92FAD007AC409 /* Preview Content */,
				8D886E27280903BB00F74167 /* Chalkboard.xcdatamodeld */,
				4D27B9DF29C7FB7900A805C8 /* Localizable.strings */,
			);
			path = Chalkboard;
			sourceTree = "<group>";
		};
		8D6DF0BC27F92FAD007AC409 /* Preview Content */ = {
			isa = PBXGroup;
			children = (
				8D6DF0BD27F92FAD007AC409 /* Preview Assets.xcassets */,
			);
			path = "Preview Content";
			sourceTree = "<group>";
		};
		8D6DF0C627F92FAE007AC409 /* ChalkboardTests */ = {
			isa = PBXGroup;
			children = (
				8D6DF0C727F92FAE007AC409 /* ChalkboardTests.swift */,
			);
			path = ChalkboardTests;
			sourceTree = "<group>";
		};
		8D6DF0D027F92FAE007AC409 /* ChalkboardUITests */ = {
			isa = PBXGroup;
			children = (
				8D6DF0D127F92FAE007AC409 /* ChalkboardUITests.swift */,
				8D6DF0D327F92FAE007AC409 /* ChalkboardUITestsLaunchTests.swift */,
			);
			path = ChalkboardUITests;
			sourceTree = "<group>";
		};
/* End PBXGroup section */

/* Begin PBXNativeTarget section */
		8D6DF0B227F92FA4007AC409 /* Chalkboard */ = {
			isa = PBXNativeTarget;
			buildConfigurationList = 8D6DF0D727F92FAE007AC409 /* Build configuration list for PBXNativeTarget "Chalkboard" */;
			buildPhases = (
				8D6DF0AF27F92FA4007AC409 /* Sources */,
				8D6DF0B027F92FA4007AC409 /* Frameworks */,
				8D6DF0B127F92FA4007AC409 /* Resources */,
			);
			buildRules = (
			);
			dependencies = (
			);
			name = Chalkboard;
			productName = Chalkboard;
			productReference = 8D6DF0B327F92FA4007AC409 /* Chalkboard.app */;
			productType = "com.apple.product-type.application";
		};
		8D6DF0C227F92FAE007AC409 /* ChalkboardTests */ = {
			isa = PBXNativeTarget;
			buildConfigurationList = 8D6DF0DA27F92FAE007AC409 /* Build configuration list for PBXNativeTarget "ChalkboardTests" */;
			buildPhases = (
				8D6DF0BF27F92FAE007AC409 /* Sources */,
				8D6DF0C027F92FAE007AC409 /* Frameworks */,
				8D6DF0C127F92FAE007AC409 /* Resources */,
			);
			buildRules = (
			);
			dependencies = (
				8D6DF0C527F92FAE007AC409 /* PBXTargetDependency */,
			);
			name = ChalkboardTests;
			productName = ChalkboardTests;
			productReference = 8D6DF0C327F92FAE007AC409 /* ChalkboardTests.xctest */;
			productType = "com.apple.product-type.bundle.unit-test";
		};
		8D6DF0CC27F92FAE007AC409 /* ChalkboardUITests */ = {
			isa = PBXNativeTarget;
			buildConfigurationList = 8D6DF0DD27F92FAE007AC409 /* Build configuration list for PBXNativeTarget "ChalkboardUITests" */;
			buildPhases = (
				8D6DF0C927F92FAE007AC409 /* Sources */,
				8D6DF0CA27F92FAE007AC409 /* Frameworks */,
				8D6DF0CB27F92FAE007AC409 /* Resources */,
			);
			buildRules = (
			);
			dependencies = (
				8D6DF0CF27F92FAE007AC409 /* PBXTargetDependency */,
			);
			name = ChalkboardUITests;
			productName = ChalkboardUITests;
			productReference = 8D6DF0CD27F92FAE007AC409 /* ChalkboardUITests.xctest */;
			productType = "com.apple.product-type.bundle.ui-testing";
		};
/* End PBXNativeTarget section */

/* Begin PBXProject section */
		8D6DF0AB27F92FA4007AC409 /* Project object */ = {
			isa = PBXProject;
			attributes = {
				BuildIndependentTargetsInParallel = 1;
				LastSwiftUpdateCheck = 1330;
				LastUpgradeCheck = 1330;
				TargetAttributes = {
					8D6DF0B227F92FA4007AC409 = {
						CreatedOnToolsVersion = 13.3;
					};
					8D6DF0C227F92FAE007AC409 = {
						CreatedOnToolsVersion = 13.3;
						TestTargetID = 8D6DF0B227F92FA4007AC409;
					};
					8D6DF0CC27F92FAE007AC409 = {
						CreatedOnToolsVersion = 13.3;
						TestTargetID = 8D6DF0B227F92FA4007AC409;
					};
				};
			};
			buildConfigurationList = 8D6DF0AE27F92FA4007AC409 /* Build configuration list for PBXProject "Chalkboard" */;
			compatibilityVersion = "Xcode 13.0";
			developmentRegion = en;
			hasScannedForEncodings = 0;
			knownRegions = (
				en,
				Base,
				"es-419",
				es,
				fr,
				he,
				"zh-Hans",
				ru,
			);
			mainGroup = 8D6DF0AA27F92FA4007AC409;
			productRefGroup = 8D6DF0B427F92FA4007AC409 /* Products */;
			projectDirPath = "";
			projectRoot = "";
			targets = (
				8D6DF0B227F92FA4007AC409 /* Chalkboard */,
				8D6DF0C227F92FAE007AC409 /* ChalkboardTests */,
				8D6DF0CC27F92FAE007AC409 /* ChalkboardUITests */,
			);
		};
/* End PBXProject section */

/* Begin PBXResourcesBuildPhase section */
		8D6DF0B127F92FA4007AC409 /* Resources */ = {
			isa = PBXResourcesBuildPhase;
			buildActionMask = 2147483647;
			files = (
				8D6DF0BE27F92FAD007AC409 /* Preview Assets.xcassets in Resources */,
				4D27B9DD29C7FB7900A805C8 /* Localizable.strings in Resources */,
				8D6DF0BB27F92FAD007AC409 /* Assets.xcassets in Resources */,
			);
			runOnlyForDeploymentPostprocessing = 0;
		};
		8D6DF0C127F92FAE007AC409 /* Resources */ = {
			isa = PBXResourcesBuildPhase;
			buildActionMask = 2147483647;
			files = (
			);
			runOnlyForDeploymentPostprocessing = 0;
		};
		8D6DF0CB27F92FAE007AC409 /* Resources */ = {
			isa = PBXResourcesBuildPhase;
			buildActionMask = 2147483647;
			files = (
			);
			runOnlyForDeploymentPostprocessing = 0;
		};
/* End PBXResourcesBuildPhase section */

/* Begin PBXSourcesBuildPhase section */
		8D6DF0AF27F92FA4007AC409 /* Sources */ = {
			isa = PBXSourcesBuildPhase;
			buildActionMask = 2147483647;
			files = (
				8D6DF0B927F92FA4007AC409 /* ContentView.swift in Sources */,
				4D27B9D629C12DF300A805C8 /* ItemViewModel.swift in Sources */,
				4D27B9DA29C5518700A805C8 /* CustomTextEditorView.swift in Sources */,
				8D886E2B2809043A00F74167 /* DataController.swift in Sources */,
				8DE23CB627FE89B000E0C69B /* AddingView.swift in Sources */,
				8D6DF0B727F92FA4007AC409 /* ChalkboardApp.swift in Sources */,
				4D27B9D029C0EE4F00A805C8 /* MainListView.swift in Sources */,
				4D27B9E229C9FCE500A805C8 /* Constants.swift in Sources */,
				8DE23CB82805123A00E0C69B /* KeyboardHandler.swift in Sources */,
				8D886E29280903BB00F74167 /* Chalkboard.xcdatamodeld in Sources */,
			);
			runOnlyForDeploymentPostprocessing = 0;
		};
		8D6DF0BF27F92FAE007AC409 /* Sources */ = {
			isa = PBXSourcesBuildPhase;
			buildActionMask = 2147483647;
			files = (
				8D6DF0C827F92FAE007AC409 /* ChalkboardTests.swift in Sources */,
			);
			runOnlyForDeploymentPostprocessing = 0;
		};
		8D6DF0C927F92FAE007AC409 /* Sources */ = {
			isa = PBXSourcesBuildPhase;
			buildActionMask = 2147483647;
			files = (
				8D6DF0D227F92FAE007AC409 /* ChalkboardUITests.swift in Sources */,
				8D6DF0D427F92FAE007AC409 /* ChalkboardUITestsLaunchTests.swift in Sources */,
			);
			runOnlyForDeploymentPostprocessing = 0;
		};
/* End PBXSourcesBuildPhase section */

/* Begin PBXTargetDependency section */
		8D6DF0C527F92FAE007AC409 /* PBXTargetDependency */ = {
			isa = PBXTargetDependency;
			target = 8D6DF0B227F92FA4007AC409 /* Chalkboard */;
			targetProxy = 8D6DF0C427F92FAE007AC409 /* PBXContainerItemProxy */;
		};
		8D6DF0CF27F92FAE007AC409 /* PBXTargetDependency */ = {
			isa = PBXTargetDependency;
			target = 8D6DF0B227F92FA4007AC409 /* Chalkboard */;
			targetProxy = 8D6DF0CE27F92FAE007AC409 /* PBXContainerItemProxy */;
		};
/* End PBXTargetDependency section */

/* Begin PBXVariantGroup section */
		4D27B9DF29C7FB7900A805C8 /* Localizable.strings */ = {
			isa = PBXVariantGroup;
			children = (
				4D27B9DE29C7FB7900A805C8 /* en */,
				4D27B9E029C7FB9B00A805C8 /* es */,
				4D27B9E329CA0A4300A805C8 /* fr */,
				4D27B9E429CA0CD000A805C8 /* he */,
				4D27B9E529CA0DF000A805C8 /* zh-Hans */,
				4D27B9E629CA106300A805C8 /* ru */,
			);
			name = Localizable.strings;
			sourceTree = "<group>";
		};
/* End PBXVariantGroup section */

/* Begin XCBuildConfiguration section */
		8D6DF0D527F92FAE007AC409 /* Debug */ = {
			isa = XCBuildConfiguration;
			buildSettings = {
				ALWAYS_SEARCH_USER_PATHS = NO;
				CLANG_ANALYZER_NONNULL = YES;
				CLANG_ANALYZER_NUMBER_OBJECT_CONVERSION = YES_AGGRESSIVE;
				CLANG_CXX_LANGUAGE_STANDARD = "gnu++17";
				CLANG_ENABLE_MODULES = YES;
				CLANG_ENABLE_OBJC_ARC = YES;
				CLANG_ENABLE_OBJC_WEAK = YES;
				CLANG_WARN_BLOCK_CAPTURE_AUTORELEASING = YES;
				CLANG_WARN_BOOL_CONVERSION = YES;
				CLANG_WARN_COMMA = YES;
				CLANG_WARN_CONSTANT_CONVERSION = YES;
				CLANG_WARN_DEPRECATED_OBJC_IMPLEMENTATIONS = YES;
				CLANG_WARN_DIRECT_OBJC_ISA_USAGE = YES_ERROR;
				CLANG_WARN_DOCUMENTATION_COMMENTS = YES;
				CLANG_WARN_EMPTY_BODY = YES;
				CLANG_WARN_ENUM_CONVERSION = YES;
				CLANG_WARN_INFINITE_RECURSION = YES;
				CLANG_WARN_INT_CONVERSION = YES;
				CLANG_WARN_NON_LITERAL_NULL_CONVERSION = YES;
				CLANG_WARN_OBJC_IMPLICIT_RETAIN_SELF = YES;
				CLANG_WARN_OBJC_LITERAL_CONVERSION = YES;
				CLANG_WARN_OBJC_ROOT_CLASS = YES_ERROR;
				CLANG_WARN_QUOTED_INCLUDE_IN_FRAMEWORK_HEADER = YES;
				CLANG_WARN_RANGE_LOOP_ANALYSIS = YES;
				CLANG_WARN_STRICT_PROTOTYPES = YES;
				CLANG_WARN_SUSPICIOUS_MOVE = YES;
				CLANG_WARN_UNGUARDED_AVAILABILITY = YES_AGGRESSIVE;
				CLANG_WARN_UNREACHABLE_CODE = YES;
				CLANG_WARN__DUPLICATE_METHOD_MATCH = YES;
				COPY_PHASE_STRIP = NO;
				DEBUG_INFORMATION_FORMAT = dwarf;
				ENABLE_STRICT_OBJC_MSGSEND = YES;
				ENABLE_TESTABILITY = YES;
				GCC_C_LANGUAGE_STANDARD = gnu11;
				GCC_DYNAMIC_NO_PIC = NO;
				GCC_NO_COMMON_BLOCKS = YES;
				GCC_OPTIMIZATION_LEVEL = 0;
				GCC_PREPROCESSOR_DEFINITIONS = (
					"DEBUG=1",
					"$(inherited)",
				);
				GCC_WARN_64_TO_32_BIT_CONVERSION = YES;
				GCC_WARN_ABOUT_RETURN_TYPE = YES_ERROR;
				GCC_WARN_UNDECLARED_SELECTOR = YES;
				GCC_WARN_UNINITIALIZED_AUTOS = YES_AGGRESSIVE;
				GCC_WARN_UNUSED_FUNCTION = YES;
				GCC_WARN_UNUSED_VARIABLE = YES;
				IPHONEOS_DEPLOYMENT_TARGET = 15.4;
				MTL_ENABLE_DEBUG_INFO = INCLUDE_SOURCE;
				MTL_FAST_MATH = YES;
				ONLY_ACTIVE_ARCH = YES;
				SDKROOT = iphoneos;
				SWIFT_ACTIVE_COMPILATION_CONDITIONS = DEBUG;
				SWIFT_OPTIMIZATION_LEVEL = "-Onone";
			};
			name = Debug;
		};
		8D6DF0D627F92FAE007AC409 /* Release */ = {
			isa = XCBuildConfiguration;
			buildSettings = {
				ALWAYS_SEARCH_USER_PATHS = NO;
				CLANG_ANALYZER_NONNULL = YES;
				CLANG_ANALYZER_NUMBER_OBJECT_CONVERSION = YES_AGGRESSIVE;
				CLANG_CXX_LANGUAGE_STANDARD = "gnu++17";
				CLANG_ENABLE_MODULES = YES;
				CLANG_ENABLE_OBJC_ARC = YES;
				CLANG_ENABLE_OBJC_WEAK = YES;
				CLANG_WARN_BLOCK_CAPTURE_AUTORELEASING = YES;
				CLANG_WARN_BOOL_CONVERSION = YES;
				CLANG_WARN_COMMA = YES;
				CLANG_WARN_CONSTANT_CONVERSION = YES;
				CLANG_WARN_DEPRECATED_OBJC_IMPLEMENTATIONS = YES;
				CLANG_WARN_DIRECT_OBJC_ISA_USAGE = YES_ERROR;
				CLANG_WARN_DOCUMENTATION_COMMENTS = YES;
				CLANG_WARN_EMPTY_BODY = YES;
				CLANG_WARN_ENUM_CONVERSION = YES;
				CLANG_WARN_INFINITE_RECURSION = YES;
				CLANG_WARN_INT_CONVERSION = YES;
				CLANG_WARN_NON_LITERAL_NULL_CONVERSION = YES;
				CLANG_WARN_OBJC_IMPLICIT_RETAIN_SELF = YES;
				CLANG_WARN_OBJC_LITERAL_CONVERSION = YES;
				CLANG_WARN_OBJC_ROOT_CLASS = YES_ERROR;
				CLANG_WARN_QUOTED_INCLUDE_IN_FRAMEWORK_HEADER = YES;
				CLANG_WARN_RANGE_LOOP_ANALYSIS = YES;
				CLANG_WARN_STRICT_PROTOTYPES = YES;
				CLANG_WARN_SUSPICIOUS_MOVE = YES;
				CLANG_WARN_UNGUARDED_AVAILABILITY = YES_AGGRESSIVE;
				CLANG_WARN_UNREACHABLE_CODE = YES;
				CLANG_WARN__DUPLICATE_METHOD_MATCH = YES;
				COPY_PHASE_STRIP = NO;
				DEBUG_INFORMATION_FORMAT = "dwarf-with-dsym";
				ENABLE_NS_ASSERTIONS = NO;
				ENABLE_STRICT_OBJC_MSGSEND = YES;
				GCC_C_LANGUAGE_STANDARD = gnu11;
				GCC_NO_COMMON_BLOCKS = YES;
				GCC_WARN_64_TO_32_BIT_CONVERSION = YES;
				GCC_WARN_ABOUT_RETURN_TYPE = YES_ERROR;
				GCC_WARN_UNDECLARED_SELECTOR = YES;
				GCC_WARN_UNINITIALIZED_AUTOS = YES_AGGRESSIVE;
				GCC_WARN_UNUSED_FUNCTION = YES;
				GCC_WARN_UNUSED_VARIABLE = YES;
				IPHONEOS_DEPLOYMENT_TARGET = 15.4;
				MTL_ENABLE_DEBUG_INFO = NO;
				MTL_FAST_MATH = YES;
				SDKROOT = iphoneos;
				SWIFT_COMPILATION_MODE = wholemodule;
				SWIFT_OPTIMIZATION_LEVEL = "-O";
				VALIDATE_PRODUCT = YES;
			};
			name = Release;
		};
		8D6DF0D827F92FAE007AC409 /* Debug */ = {
			isa = XCBuildConfiguration;
			buildSettings = {
				ASSETCATALOG_COMPILER_APPICON_NAME = AppIcon;
				ASSETCATALOG_COMPILER_GLOBAL_ACCENT_COLOR_NAME = AccentColor;
				CODE_SIGN_STYLE = Automatic;
				CURRENT_PROJECT_VERSION = 1;
				DEVELOPMENT_ASSET_PATHS = "\"Chalkboard/Preview Content\"";
				DEVELOPMENT_TEAM = G9TBJCK73T;
				ENABLE_PREVIEWS = YES;
				GENERATE_INFOPLIST_FILE = YES;
				INFOPLIST_KEY_UIApplicationSceneManifest_Generation = YES;
				INFOPLIST_KEY_UIApplicationSupportsIndirectInputEvents = YES;
				INFOPLIST_KEY_UILaunchScreen_Generation = YES;
				INFOPLIST_KEY_UISupportedInterfaceOrientations_iPad = "UIInterfaceOrientationPortrait UIInterfaceOrientationPortraitUpsideDown UIInterfaceOrientationLandscapeLeft UIInterfaceOrientationLandscapeRight";
				INFOPLIST_KEY_UISupportedInterfaceOrientations_iPhone = "UIInterfaceOrientationPortrait UIInterfaceOrientationLandscapeLeft UIInterfaceOrientationLandscapeRight";
				IPHONEOS_DEPLOYMENT_TARGET = 16.2;
				LD_RUNPATH_SEARCH_PATHS = (
					"$(inherited)",
					"@executable_path/Frameworks",
				);
				MARKETING_VERSION = 1.0;
				PRODUCT_BUNDLE_IDENTIFIER = com.israman.Chalkboard;
				PRODUCT_NAME = "$(TARGET_NAME)";
				SWIFT_EMIT_LOC_STRINGS = YES;
				SWIFT_VERSION = 5.0;
				TARGETED_DEVICE_FAMILY = "1,2";
			};
			name = Debug;
		};
		8D6DF0D927F92FAE007AC409 /* Release */ = {
			isa = XCBuildConfiguration;
			buildSettings = {
				ASSETCATALOG_COMPILER_APPICON_NAME = AppIcon;
				ASSETCATALOG_COMPILER_GLOBAL_ACCENT_COLOR_NAME = AccentColor;
				CODE_SIGN_STYLE = Automatic;
				CURRENT_PROJECT_VERSION = 1;
				DEVELOPMENT_ASSET_PATHS = "\"Chalkboard/Preview Content\"";
				DEVELOPMENT_TEAM = G9TBJCK73T;
				ENABLE_PREVIEWS = YES;
				GENERATE_INFOPLIST_FILE = YES;
				INFOPLIST_KEY_UIApplicationSceneManifest_Generation = YES;
				INFOPLIST_KEY_UIApplicationSupportsIndirectInputEvents = YES;
				INFOPLIST_KEY_UILaunchScreen_Generation = YES;
				INFOPLIST_KEY_UISupportedInterfaceOrientations_iPad = "UIInterfaceOrientationPortrait UIInterfaceOrientationPortraitUpsideDown UIInterfaceOrientationLandscapeLeft UIInterfaceOrientationLandscapeRight";
				INFOPLIST_KEY_UISupportedInterfaceOrientations_iPhone = "UIInterfaceOrientationPortrait UIInterfaceOrientationLandscapeLeft UIInterfaceOrientationLandscapeRight";
				IPHONEOS_DEPLOYMENT_TARGET = 16.2;
				LD_RUNPATH_SEARCH_PATHS = (
					"$(inherited)",
					"@executable_path/Frameworks",
				);
				MARKETING_VERSION = 1.0;
				PRODUCT_BUNDLE_IDENTIFIER = com.israman.Chalkboard;
				PRODUCT_NAME = "$(TARGET_NAME)";
				SWIFT_EMIT_LOC_STRINGS = YES;
				SWIFT_VERSION = 5.0;
				TARGETED_DEVICE_FAMILY = "1,2";
			};
			name = Release;
		};
		8D6DF0DB27F92FAE007AC409 /* Debug */ = {
			isa = XCBuildConfiguration;
			buildSettings = {
				ALWAYS_EMBED_SWIFT_STANDARD_LIBRARIES = YES;
				BUNDLE_LOADER = "$(TEST_HOST)";
				CODE_SIGN_STYLE = Automatic;
				CURRENT_PROJECT_VERSION = 1;
				DEVELOPMENT_TEAM = 6DC9LP75VX;
				GENERATE_INFOPLIST_FILE = YES;
				IPHONEOS_DEPLOYMENT_TARGET = 15.4;
				MARKETING_VERSION = 1.0;
				PRODUCT_BUNDLE_IDENTIFIER = com.israman.ChalkboardTests;
				PRODUCT_NAME = "$(TARGET_NAME)";
				SWIFT_EMIT_LOC_STRINGS = NO;
				SWIFT_VERSION = 5.0;
				TARGETED_DEVICE_FAMILY = "1,2";
				TEST_HOST = "$(BUILT_PRODUCTS_DIR)/Chalkboard.app/Chalkboard";
			};
			name = Debug;
		};
		8D6DF0DC27F92FAE007AC409 /* Release */ = {
			isa = XCBuildConfiguration;
			buildSettings = {
				ALWAYS_EMBED_SWIFT_STANDARD_LIBRARIES = YES;
				BUNDLE_LOADER = "$(TEST_HOST)";
				CODE_SIGN_STYLE = Automatic;
				CURRENT_PROJECT_VERSION = 1;
				DEVELOPMENT_TEAM = 6DC9LP75VX;
				GENERATE_INFOPLIST_FILE = YES;
				IPHONEOS_DEPLOYMENT_TARGET = 15.4;
				MARKETING_VERSION = 1.0;
				PRODUCT_BUNDLE_IDENTIFIER = com.israman.ChalkboardTests;
				PRODUCT_NAME = "$(TARGET_NAME)";
				SWIFT_EMIT_LOC_STRINGS = NO;
				SWIFT_VERSION = 5.0;
				TARGETED_DEVICE_FAMILY = "1,2";
				TEST_HOST = "$(BUILT_PRODUCTS_DIR)/Chalkboard.app/Chalkboard";
			};
			name = Release;
		};
		8D6DF0DE27F92FAE007AC409 /* Debug */ = {
			isa = XCBuildConfiguration;
			buildSettings = {
				ALWAYS_EMBED_SWIFT_STANDARD_LIBRARIES = YES;
				CODE_SIGN_STYLE = Automatic;
				CURRENT_PROJECT_VERSION = 1;
				DEVELOPMENT_TEAM = 6DC9LP75VX;
				GENERATE_INFOPLIST_FILE = YES;
				MARKETING_VERSION = 1.0;
				PRODUCT_BUNDLE_IDENTIFIER = com.israman.ChalkboardUITests;
				PRODUCT_NAME = "$(TARGET_NAME)";
				SWIFT_EMIT_LOC_STRINGS = NO;
				SWIFT_VERSION = 5.0;
				TARGETED_DEVICE_FAMILY = "1,2";
				TEST_TARGET_NAME = Chalkboard;
			};
			name = Debug;
		};
		8D6DF0DF27F92FAE007AC409 /* Release */ = {
			isa = XCBuildConfiguration;
			buildSettings = {
				ALWAYS_EMBED_SWIFT_STANDARD_LIBRARIES = YES;
				CODE_SIGN_STYLE = Automatic;
				CURRENT_PROJECT_VERSION = 1;
				DEVELOPMENT_TEAM = 6DC9LP75VX;
				GENERATE_INFOPLIST_FILE = YES;
				MARKETING_VERSION = 1.0;
				PRODUCT_BUNDLE_IDENTIFIER = com.israman.ChalkboardUITests;
				PRODUCT_NAME = "$(TARGET_NAME)";
				SWIFT_EMIT_LOC_STRINGS = NO;
				SWIFT_VERSION = 5.0;
				TARGETED_DEVICE_FAMILY = "1,2";
				TEST_TARGET_NAME = Chalkboard;
			};
			name = Release;
		};
/* End XCBuildConfiguration section */

/* Begin XCConfigurationList section */
		8D6DF0AE27F92FA4007AC409 /* Build configuration list for PBXProject "Chalkboard" */ = {
			isa = XCConfigurationList;
			buildConfigurations = (
				8D6DF0D527F92FAE007AC409 /* Debug */,
				8D6DF0D627F92FAE007AC409 /* Release */,
			);
			defaultConfigurationIsVisible = 0;
			defaultConfigurationName = Release;
		};
		8D6DF0D727F92FAE007AC409 /* Build configuration list for PBXNativeTarget "Chalkboard" */ = {
			isa = XCConfigurationList;
			buildConfigurations = (
				8D6DF0D827F92FAE007AC409 /* Debug */,
				8D6DF0D927F92FAE007AC409 /* Release */,
			);
			defaultConfigurationIsVisible = 0;
			defaultConfigurationName = Release;
		};
		8D6DF0DA27F92FAE007AC409 /* Build configuration list for PBXNativeTarget "ChalkboardTests" */ = {
			isa = XCConfigurationList;
			buildConfigurations = (
				8D6DF0DB27F92FAE007AC409 /* Debug */,
				8D6DF0DC27F92FAE007AC409 /* Release */,
			);
			defaultConfigurationIsVisible = 0;
			defaultConfigurationName = Release;
		};
		8D6DF0DD27F92FAE007AC409 /* Build configuration list for PBXNativeTarget "ChalkboardUITests" */ = {
			isa = XCConfigurationList;
			buildConfigurations = (
				8D6DF0DE27F92FAE007AC409 /* Debug */,
				8D6DF0DF27F92FAE007AC409 /* Release */,
			);
			defaultConfigurationIsVisible = 0;
			defaultConfigurationName = Release;
		};
/* End XCConfigurationList section */

/* Begin XCVersionGroup section */
		8D886E27280903BB00F74167 /* Chalkboard.xcdatamodeld */ = {
			isa = XCVersionGroup;
			children = (
				8D886E28280903BB00F74167 /* Chalkboard.xcdatamodel */,
			);
			currentVersion = 8D886E28280903BB00F74167 /* Chalkboard.xcdatamodel */;
			path = Chalkboard.xcdatamodeld;
			sourceTree = "<group>";
			versionGroupType = wrapper.xcdatamodel;
		};
/* End XCVersionGroup section */
	};
	rootObject = 8D6DF0AB27F92FA4007AC409 /* Project object */;
}
